// !$*UTF8*$!
{
	archiveVersion = 1;
	classes = {
	};
	objectVersion = 56;
	objects = {

/* Begin PBXBuildFile section */
		0E2B33F728EB8EE8004507FC /* AppDelegate.swift in Sources */ = {isa = PBXBuildFile; fileRef = 0E2B33F628EB8EE8004507FC /* AppDelegate.swift */; };
		0E2B33F928EB8EE8004507FC /* SceneDelegate.swift in Sources */ = {isa = PBXBuildFile; fileRef = 0E2B33F828EB8EE8004507FC /* SceneDelegate.swift */; };
		0E2B33FE28EB8EE8004507FC /* Main.storyboard in Resources */ = {isa = PBXBuildFile; fileRef = 0E2B33FC28EB8EE8004507FC /* Main.storyboard */; };
		0E2B340128EB8EE8004507FC /* MediaManager.xcdatamodeld in Sources */ = {isa = PBXBuildFile; fileRef = 0E2B33FF28EB8EE8004507FC /* MediaManager.xcdatamodeld */; };
		0E2B340328EB8EEA004507FC /* Assets.xcassets in Resources */ = {isa = PBXBuildFile; fileRef = 0E2B340228EB8EEA004507FC /* Assets.xcassets */; };
		0E2B340628EB8EEA004507FC /* LaunchScreen.storyboard in Resources */ = {isa = PBXBuildFile; fileRef = 0E2B340428EB8EEA004507FC /* LaunchScreen.storyboard */; };
		0E2B341328EB91BA004507FC /* CoreDataStack.swift in Sources */ = {isa = PBXBuildFile; fileRef = 0E2B341228EB91BA004507FC /* CoreDataStack.swift */; };
		0E2B341528EB926B004507FC /* MediaItem+Convenience.swift in Sources */ = {isa = PBXBuildFile; fileRef = 0E2B341428EB926B004507FC /* MediaItem+Convenience.swift */; };
		0E2B341728EB94AF004507FC /* MediaItemController.swift in Sources */ = {isa = PBXBuildFile; fileRef = 0E2B341628EB94AF004507FC /* MediaItemController.swift */; };
		0E2B341928EBB952004507FC /* HomeTableViewController.swift in Sources */ = {isa = PBXBuildFile; fileRef = 0E2B341828EBB952004507FC /* HomeTableViewController.swift */; };
		0E2B341B28EC8322004507FC /* AddItemViewController.swift in Sources */ = {isa = PBXBuildFile; fileRef = 0E2B341A28EC8322004507FC /* AddItemViewController.swift */; };
		0E2B344528EDD9E4004507FC /* MediaItemTableViewController.swift in Sources */ = {isa = PBXBuildFile; fileRef = 0E2B344428EDD9E4004507FC /* MediaItemTableViewController.swift */; };
		0E2B344728EE11DF004507FC /* MediaItemDetailViewController.swift in Sources */ = {isa = PBXBuildFile; fileRef = 0E2B344628EE11DF004507FC /* MediaItemDetailViewController.swift */; };
		0E2B344B28EE36DF004507FC /* EditItemViewController.swift in Sources */ = {isa = PBXBuildFile; fileRef = 0E2B344A28EE36DF004507FC /* EditItemViewController.swift */; };
		0E2B347528F08BBF004507FC /* DatePickerViewController.swift in Sources */ = {isa = PBXBuildFile; fileRef = 0E2B347428F08BBF004507FC /* DatePickerViewController.swift */; };
		0E2B347728F09930004507FC /* NotificationScheduler.swift in Sources */ = {isa = PBXBuildFile; fileRef = 0E2B347628F09930004507FC /* NotificationScheduler.swift */; };
		0E2B347928F0A3DC004507FC /* Strings.swift in Sources */ = {isa = PBXBuildFile; fileRef = 0E2B347828F0A3DC004507FC /* Strings.swift */; };
/* End PBXBuildFile section */

/* Begin PBXFileReference section */
		0E2B33F328EB8EE8004507FC /* MediaManager.app */ = {isa = PBXFileReference; explicitFileType = wrapper.application; includeInIndex = 0; path = MediaManager.app; sourceTree = BUILT_PRODUCTS_DIR; };
		0E2B33F628EB8EE8004507FC /* AppDelegate.swift */ = {isa = PBXFileReference; lastKnownFileType = sourcecode.swift; path = AppDelegate.swift; sourceTree = "<group>"; };
		0E2B33F828EB8EE8004507FC /* SceneDelegate.swift */ = {isa = PBXFileReference; lastKnownFileType = sourcecode.swift; path = SceneDelegate.swift; sourceTree = "<group>"; };
		0E2B33FD28EB8EE8004507FC /* Base */ = {isa = PBXFileReference; lastKnownFileType = file.storyboard; name = Base; path = Base.lproj/Main.storyboard; sourceTree = "<group>"; };
		0E2B340028EB8EE8004507FC /* MediaManager.xcdatamodel */ = {isa = PBXFileReference; lastKnownFileType = wrapper.xcdatamodel; path = MediaManager.xcdatamodel; sourceTree = "<group>"; };
		0E2B340228EB8EEA004507FC /* Assets.xcassets */ = {isa = PBXFileReference; lastKnownFileType = folder.assetcatalog; path = Assets.xcassets; sourceTree = "<group>"; };
		0E2B340528EB8EEA004507FC /* Base */ = {isa = PBXFileReference; lastKnownFileType = file.storyboard; name = Base; path = Base.lproj/LaunchScreen.storyboard; sourceTree = "<group>"; };
		0E2B340728EB8EEA004507FC /* Info.plist */ = {isa = PBXFileReference; lastKnownFileType = text.plist.xml; path = Info.plist; sourceTree = "<group>"; };
		0E2B341228EB91BA004507FC /* CoreDataStack.swift */ = {isa = PBXFileReference; lastKnownFileType = sourcecode.swift; path = CoreDataStack.swift; sourceTree = "<group>"; };
		0E2B341428EB926B004507FC /* MediaItem+Convenience.swift */ = {isa = PBXFileReference; lastKnownFileType = sourcecode.swift; path = "MediaItem+Convenience.swift"; sourceTree = "<group>"; };
		0E2B341628EB94AF004507FC /* MediaItemController.swift */ = {isa = PBXFileReference; lastKnownFileType = sourcecode.swift; path = MediaItemController.swift; sourceTree = "<group>"; };
		0E2B341828EBB952004507FC /* HomeTableViewController.swift */ = {isa = PBXFileReference; lastKnownFileType = sourcecode.swift; path = HomeTableViewController.swift; sourceTree = "<group>"; };
		0E2B341A28EC8322004507FC /* AddItemViewController.swift */ = {isa = PBXFileReference; lastKnownFileType = sourcecode.swift; path = AddItemViewController.swift; sourceTree = "<group>"; };
		0E2B344428EDD9E4004507FC /* MediaItemTableViewController.swift */ = {isa = PBXFileReference; lastKnownFileType = sourcecode.swift; path = MediaItemTableViewController.swift; sourceTree = "<group>"; };
		0E2B344628EE11DF004507FC /* MediaItemDetailViewController.swift */ = {isa = PBXFileReference; lastKnownFileType = sourcecode.swift; path = MediaItemDetailViewController.swift; sourceTree = "<group>"; };
		0E2B344A28EE36DF004507FC /* EditItemViewController.swift */ = {isa = PBXFileReference; lastKnownFileType = sourcecode.swift; path = EditItemViewController.swift; sourceTree = "<group>"; };
		0E2B347428F08BBF004507FC /* DatePickerViewController.swift */ = {isa = PBXFileReference; lastKnownFileType = sourcecode.swift; path = DatePickerViewController.swift; sourceTree = "<group>"; };
		0E2B347628F09930004507FC /* NotificationScheduler.swift */ = {isa = PBXFileReference; lastKnownFileType = sourcecode.swift; path = NotificationScheduler.swift; sourceTree = "<group>"; };
		0E2B347828F0A3DC004507FC /* Strings.swift */ = {isa = PBXFileReference; lastKnownFileType = sourcecode.swift; path = Strings.swift; sourceTree = "<group>"; };
/* End PBXFileReference section */

/* Begin PBXFrameworksBuildPhase section */
		0E2B33F028EB8EE8004507FC /* Frameworks */ = {
			isa = PBXFrameworksBuildPhase;
			buildActionMask = 2147483647;
			files = (
			);
			runOnlyForDeploymentPostprocessing = 0;
		};
/* End PBXFrameworksBuildPhase section */

/* Begin PBXGroup section */
		0E2B33EA28EB8EE8004507FC = {
			isa = PBXGroup;
			children = (
				0E2B33F528EB8EE8004507FC /* MediaManager */,
				0E2B33F428EB8EE8004507FC /* Products */,
			);
			sourceTree = "<group>";
		};
		0E2B33F428EB8EE8004507FC /* Products */ = {
			isa = PBXGroup;
			children = (
				0E2B33F328EB8EE8004507FC /* MediaManager.app */,
			);
			name = Products;
			sourceTree = "<group>";
		};
		0E2B33F528EB8EE8004507FC /* MediaManager */ = {
			isa = PBXGroup;
			children = (
				0E2B340F28EB8F12004507FC /* Model */,
				0E2B341128EB8F30004507FC /* ModelControllers */,
				0E2B341028EB8F1F004507FC /* ViewControllers */,
				0E2B340E28EB8F08004507FC /* Storyboards */,
				0E2B340D28EB8EF9004507FC /* Resources */,
			);
			path = MediaManager;
			sourceTree = "<group>";
		};
		0E2B340D28EB8EF9004507FC /* Resources */ = {
			isa = PBXGroup;
			children = (
				0E2B33F628EB8EE8004507FC /* AppDelegate.swift */,
				0E2B33F828EB8EE8004507FC /* SceneDelegate.swift */,
				0E2B340228EB8EEA004507FC /* Assets.xcassets */,
				0E2B340728EB8EEA004507FC /* Info.plist */,
				0E2B347628F09930004507FC /* NotificationScheduler.swift */,
				0E2B347828F0A3DC004507FC /* Strings.swift */,
			);
			path = Resources;
			sourceTree = "<group>";
		};
		0E2B340E28EB8F08004507FC /* Storyboards */ = {
			isa = PBXGroup;
			children = (
				0E2B33FC28EB8EE8004507FC /* Main.storyboard */,
				0E2B340428EB8EEA004507FC /* LaunchScreen.storyboard */,
			);
			path = Storyboards;
			sourceTree = "<group>";
		};
		0E2B340F28EB8F12004507FC /* Model */ = {
			isa = PBXGroup;
			children = (
				0E2B33FF28EB8EE8004507FC /* MediaManager.xcdatamodeld */,
				0E2B341228EB91BA004507FC /* CoreDataStack.swift */,
				0E2B341428EB926B004507FC /* MediaItem+Convenience.swift */,
			);
			path = Model;
			sourceTree = "<group>";
		};
		0E2B341028EB8F1F004507FC /* ViewControllers */ = {
			isa = PBXGroup;
			children = (
				0E2B341828EBB952004507FC /* HomeTableViewController.swift */,
				0E2B341A28EC8322004507FC /* AddItemViewController.swift */,
				0E2B344428EDD9E4004507FC /* MediaItemTableViewController.swift */,
				0E2B344628EE11DF004507FC /* MediaItemDetailViewController.swift */,
				0E2B344A28EE36DF004507FC /* EditItemViewController.swift */,
				0E2B347428F08BBF004507FC /* DatePickerViewController.swift */,
			);
			path = ViewControllers;
			sourceTree = "<group>";
		};
		0E2B341128EB8F30004507FC /* ModelControllers */ = {
			isa = PBXGroup;
			children = (
				0E2B341628EB94AF004507FC /* MediaItemController.swift */,
			);
			path = ModelControllers;
			sourceTree = "<group>";
		};
/* End PBXGroup section */

/* Begin PBXNativeTarget section */
		0E2B33F228EB8EE8004507FC /* MediaManager */ = {
			isa = PBXNativeTarget;
			buildConfigurationList = 0E2B340A28EB8EEA004507FC /* Build configuration list for PBXNativeTarget "MediaManager" */;
			buildPhases = (
				0E2B33EF28EB8EE8004507FC /* Sources */,
				0E2B33F028EB8EE8004507FC /* Frameworks */,
				0E2B33F128EB8EE8004507FC /* Resources */,
			);
			buildRules = (
			);
			dependencies = (
			);
			name = MediaManager;
			productName = MediaManager;
			productReference = 0E2B33F328EB8EE8004507FC /* MediaManager.app */;
			productType = "com.apple.product-type.application";
		};
/* End PBXNativeTarget section */

/* Begin PBXProject section */
		0E2B33EB28EB8EE8004507FC /* Project object */ = {
			isa = PBXProject;
			attributes = {
				BuildIndependentTargetsInParallel = 1;
				LastSwiftUpdateCheck = 1400;
				LastUpgradeCheck = 1400;
				TargetAttributes = {
					0E2B33F228EB8EE8004507FC = {
						CreatedOnToolsVersion = 14.0.1;
					};
				};
			};
			buildConfigurationList = 0E2B33EE28EB8EE8004507FC /* Build configuration list for PBXProject "MediaManager" */;
			compatibilityVersion = "Xcode 14.0";
			developmentRegion = en;
			hasScannedForEncodings = 0;
			knownRegions = (
				en,
				Base,
			);
			mainGroup = 0E2B33EA28EB8EE8004507FC;
			productRefGroup = 0E2B33F428EB8EE8004507FC /* Products */;
			projectDirPath = "";
			projectRoot = "";
			targets = (
				0E2B33F228EB8EE8004507FC /* MediaManager */,
			);
		};
/* End PBXProject section */

/* Begin PBXResourcesBuildPhase section */
		0E2B33F128EB8EE8004507FC /* Resources */ = {
			isa = PBXResourcesBuildPhase;
			buildActionMask = 2147483647;
			files = (
				0E2B340628EB8EEA004507FC /* LaunchScreen.storyboard in Resources */,
				0E2B340328EB8EEA004507FC /* Assets.xcassets in Resources */,
				0E2B33FE28EB8EE8004507FC /* Main.storyboard in Resources */,
			);
			runOnlyForDeploymentPostprocessing = 0;
		};
/* End PBXResourcesBuildPhase section */

/* Begin PBXSourcesBuildPhase section */
		0E2B33EF28EB8EE8004507FC /* Sources */ = {
			isa = PBXSourcesBuildPhase;
			buildActionMask = 2147483647;
			files = (
				0E2B340128EB8EE8004507FC /* MediaManager.xcdatamodeld in Sources */,
				0E2B344728EE11DF004507FC /* MediaItemDetailViewController.swift in Sources */,
				0E2B341728EB94AF004507FC /* MediaItemController.swift in Sources */,
				0E2B33F728EB8EE8004507FC /* AppDelegate.swift in Sources */,
				0E2B344B28EE36DF004507FC /* EditItemViewController.swift in Sources */,
				0E2B344528EDD9E4004507FC /* MediaItemTableViewController.swift in Sources */,
				0E2B347928F0A3DC004507FC /* Strings.swift in Sources */,
				0E2B33F928EB8EE8004507FC /* SceneDelegate.swift in Sources */,
				0E2B341928EBB952004507FC /* HomeTableViewController.swift in Sources */,
				0E2B347528F08BBF004507FC /* DatePickerViewController.swift in Sources */,
				0E2B341B28EC8322004507FC /* AddItemViewController.swift in Sources */,
				0E2B341328EB91BA004507FC /* CoreDataStack.swift in Sources */,
				0E2B341528EB926B004507FC /* MediaItem+Convenience.swift in Sources */,
				0E2B347728F09930004507FC /* NotificationScheduler.swift in Sources */,
			);
			runOnlyForDeploymentPostprocessing = 0;
		};
/* End PBXSourcesBuildPhase section */

/* Begin PBXVariantGroup section */
		0E2B33FC28EB8EE8004507FC /* Main.storyboard */ = {
			isa = PBXVariantGroup;
			children = (
				0E2B33FD28EB8EE8004507FC /* Base */,
			);
			name = Main.storyboard;
			sourceTree = "<group>";
		};
		0E2B340428EB8EEA004507FC /* LaunchScreen.storyboard */ = {
			isa = PBXVariantGroup;
			children = (
				0E2B340528EB8EEA004507FC /* Base */,
			);
			name = LaunchScreen.storyboard;
			sourceTree = "<group>";
		};
/* End PBXVariantGroup section */

/* Begin XCBuildConfiguration section */
		0E2B340828EB8EEA004507FC /* Debug */ = {
			isa = XCBuildConfiguration;
			buildSettings = {
				ALWAYS_SEARCH_USER_PATHS = NO;
				CLANG_ANALYZER_NONNULL = YES;
				CLANG_ANALYZER_NUMBER_OBJECT_CONVERSION = YES_AGGRESSIVE;
				CLANG_CXX_LANGUAGE_STANDARD = "gnu++20";
				CLANG_ENABLE_MODULES = YES;
				CLANG_ENABLE_OBJC_ARC = YES;
				CLANG_ENABLE_OBJC_WEAK = YES;
				CLANG_WARN_BLOCK_CAPTURE_AUTORELEASING = YES;
				CLANG_WARN_BOOL_CONVERSION = YES;
				CLANG_WARN_COMMA = YES;
				CLANG_WARN_CONSTANT_CONVERSION = YES;
				CLANG_WARN_DEPRECATED_OBJC_IMPLEMENTATIONS = YES;
				CLANG_WARN_DIRECT_OBJC_ISA_USAGE = YES_ERROR;
				CLANG_WARN_DOCUMENTATION_COMMENTS = YES;
				CLANG_WARN_EMPTY_BODY = YES;
				CLANG_WARN_ENUM_CONVERSION = YES;
				CLANG_WARN_INFINITE_RECURSION = YES;
				CLANG_WARN_INT_CONVERSION = YES;
				CLANG_WARN_NON_LITERAL_NULL_CONVERSION = YES;
				CLANG_WARN_OBJC_IMPLICIT_RETAIN_SELF = YES;
				CLANG_WARN_OBJC_LITERAL_CONVERSION = YES;
				CLANG_WARN_OBJC_ROOT_CLASS = YES_ERROR;
				CLANG_WARN_QUOTED_INCLUDE_IN_FRAMEWORK_HEADER = YES;
				CLANG_WARN_RANGE_LOOP_ANALYSIS = YES;
				CLANG_WARN_STRICT_PROTOTYPES = YES;
				CLANG_WARN_SUSPICIOUS_MOVE = YES;
				CLANG_WARN_UNGUARDED_AVAILABILITY = YES_AGGRESSIVE;
				CLANG_WARN_UNREACHABLE_CODE = YES;
				CLANG_WARN__DUPLICATE_METHOD_MATCH = YES;
				COPY_PHASE_STRIP = NO;
				DEBUG_INFORMATION_FORMAT = dwarf;
				ENABLE_STRICT_OBJC_MSGSEND = YES;
				ENABLE_TESTABILITY = YES;
				GCC_C_LANGUAGE_STANDARD = gnu11;
				GCC_DYNAMIC_NO_PIC = NO;
				GCC_NO_COMMON_BLOCKS = YES;
				GCC_OPTIMIZATION_LEVEL = 0;
				GCC_PREPROCESSOR_DEFINITIONS = (
					"DEBUG=1",
					"$(inherited)",
				);
				GCC_WARN_64_TO_32_BIT_CONVERSION = YES;
				GCC_WARN_ABOUT_RETURN_TYPE = YES_ERROR;
				GCC_WARN_UNDECLARED_SELECTOR = YES;
				GCC_WARN_UNINITIALIZED_AUTOS = YES_AGGRESSIVE;
				GCC_WARN_UNUSED_FUNCTION = YES;
				GCC_WARN_UNUSED_VARIABLE = YES;
				IPHONEOS_DEPLOYMENT_TARGET = 16.0;
				MTL_ENABLE_DEBUG_INFO = INCLUDE_SOURCE;
				MTL_FAST_MATH = YES;
				ONLY_ACTIVE_ARCH = YES;
				SDKROOT = iphoneos;
				SWIFT_ACTIVE_COMPILATION_CONDITIONS = DEBUG;
				SWIFT_OPTIMIZATION_LEVEL = "-Onone";
			};
			name = Debug;
		};
		0E2B340928EB8EEA004507FC /* Release */ = {
			isa = XCBuildConfiguration;
			buildSettings = {
				ALWAYS_SEARCH_USER_PATHS = NO;
				CLANG_ANALYZER_NONNULL = YES;
				CLANG_ANALYZER_NUMBER_OBJECT_CONVERSION = YES_AGGRESSIVE;
				CLANG_CXX_LANGUAGE_STANDARD = "gnu++20";
				CLANG_ENABLE_MODULES = YES;
				CLANG_ENABLE_OBJC_ARC = YES;
				CLANG_ENABLE_OBJC_WEAK = YES;
				CLANG_WARN_BLOCK_CAPTURE_AUTORELEASING = YES;
				CLANG_WARN_BOOL_CONVERSION = YES;
				CLANG_WARN_COMMA = YES;
				CLANG_WARN_CONSTANT_CONVERSION = YES;
				CLANG_WARN_DEPRECATED_OBJC_IMPLEMENTATIONS = YES;
				CLANG_WARN_DIRECT_OBJC_ISA_USAGE = YES_ERROR;
				CLANG_WARN_DOCUMENTATION_COMMENTS = YES;
				CLANG_WARN_EMPTY_BODY = YES;
				CLANG_WARN_ENUM_CONVERSION = YES;
				CLANG_WARN_INFINITE_RECURSION = YES;
				CLANG_WARN_INT_CONVERSION = YES;
				CLANG_WARN_NON_LITERAL_NULL_CONVERSION = YES;
				CLANG_WARN_OBJC_IMPLICIT_RETAIN_SELF = YES;
				CLANG_WARN_OBJC_LITERAL_CONVERSION = YES;
				CLANG_WARN_OBJC_ROOT_CLASS = YES_ERROR;
				CLANG_WARN_QUOTED_INCLUDE_IN_FRAMEWORK_HEADER = YES;
				CLANG_WARN_RANGE_LOOP_ANALYSIS = YES;
				CLANG_WARN_STRICT_PROTOTYPES = YES;
				CLANG_WARN_SUSPICIOUS_MOVE = YES;
				CLANG_WARN_UNGUARDED_AVAILABILITY = YES_AGGRESSIVE;
				CLANG_WARN_UNREACHABLE_CODE = YES;
				CLANG_WARN__DUPLICATE_METHOD_MATCH = YES;
				COPY_PHASE_STRIP = NO;
				DEBUG_INFORMATION_FORMAT = "dwarf-with-dsym";
				ENABLE_NS_ASSERTIONS = NO;
				ENABLE_STRICT_OBJC_MSGSEND = YES;
				GCC_C_LANGUAGE_STANDARD = gnu11;
				GCC_NO_COMMON_BLOCKS = YES;
				GCC_WARN_64_TO_32_BIT_CONVERSION = YES;
				GCC_WARN_ABOUT_RETURN_TYPE = YES_ERROR;
				GCC_WARN_UNDECLARED_SELECTOR = YES;
				GCC_WARN_UNINITIALIZED_AUTOS = YES_AGGRESSIVE;
				GCC_WARN_UNUSED_FUNCTION = YES;
				GCC_WARN_UNUSED_VARIABLE = YES;
				IPHONEOS_DEPLOYMENT_TARGET = 16.0;
				MTL_ENABLE_DEBUG_INFO = NO;
				MTL_FAST_MATH = YES;
				SDKROOT = iphoneos;
				SWIFT_COMPILATION_MODE = wholemodule;
				SWIFT_OPTIMIZATION_LEVEL = "-O";
				VALIDATE_PRODUCT = YES;
			};
			name = Release;
		};
		0E2B340B28EB8EEA004507FC /* Debug */ = {
			isa = XCBuildConfiguration;
			buildSettings = {
				ASSETCATALOG_COMPILER_APPICON_NAME = AppIcon;
				ASSETCATALOG_COMPILER_GLOBAL_ACCENT_COLOR_NAME = AccentColor;
				CODE_SIGN_STYLE = Automatic;
				CURRENT_PROJECT_VERSION = 1;
				DEVELOPMENT_TEAM = D2GS975BL6;
				GENERATE_INFOPLIST_FILE = YES;
				INFOPLIST_FILE = MediaManager/Resources/Info.plist;
				INFOPLIST_KEY_UIApplicationSupportsIndirectInputEvents = YES;
				INFOPLIST_KEY_UILaunchStoryboardName = LaunchScreen;
				INFOPLIST_KEY_UIMainStoryboardFile = Main;
				INFOPLIST_KEY_UISupportedInterfaceOrientations_iPad = "UIInterfaceOrientationPortrait UIInterfaceOrientationPortraitUpsideDown UIInterfaceOrientationLandscapeLeft UIInterfaceOrientationLandscapeRight";
				INFOPLIST_KEY_UISupportedInterfaceOrientations_iPhone = "UIInterfaceOrientationPortrait UIInterfaceOrientationLandscapeLeft UIInterfaceOrientationLandscapeRight";
				LD_RUNPATH_SEARCH_PATHS = (
					"$(inherited)",
					"@executable_path/Frameworks",
				);
				MARKETING_VERSION = 1.0;
				PRODUCT_BUNDLE_IDENTIFIER = com.MattRawlings.MediaManager;
				PRODUCT_NAME = "$(TARGET_NAME)";
				SWIFT_EMIT_LOC_STRINGS = YES;
				SWIFT_VERSION = 5.0;
				TARGETED_DEVICE_FAMILY = "1,2";
			};
			name = Debug;
		};
		0E2B340C28EB8EEA004507FC /* Release */ = {
			isa = XCBuildConfiguration;
			buildSettings = {
				ASSETCATALOG_COMPILER_APPICON_NAME = AppIcon;
				ASSETCATALOG_COMPILER_GLOBAL_ACCENT_COLOR_NAME = AccentColor;
				CODE_SIGN_STYLE = Automatic;
				CURRENT_PROJECT_VERSION = 1;
				DEVELOPMENT_TEAM = D2GS975BL6;
				GENERATE_INFOPLIST_FILE = YES;
				INFOPLIST_FILE = MediaManager/Resources/Info.plist;
				INFOPLIST_KEY_UIApplicationSupportsIndirectInputEvents = YES;
				INFOPLIST_KEY_UILaunchStoryboardName = LaunchScreen;
				INFOPLIST_KEY_UIMainStoryboardFile = Main;
				INFOPLIST_KEY_UISupportedInterfaceOrientations_iPad = "UIInterfaceOrientationPortrait UIInterfaceOrientationPortraitUpsideDown UIInterfaceOrientationLandscapeLeft UIInterfaceOrientationLandscapeRight";
				INFOPLIST_KEY_UISupportedInterfaceOrientations_iPhone = "UIInterfaceOrientationPortrait UIInterfaceOrientationLandscapeLeft UIInterfaceOrientationLandscapeRight";
				LD_RUNPATH_SEARCH_PATHS = (
					"$(inherited)",
					"@executable_path/Frameworks",
				);
				MARKETING_VERSION = 1.0;
				PRODUCT_BUNDLE_IDENTIFIER = com.MattRawlings.MediaManager;
				PRODUCT_NAME = "$(TARGET_NAME)";
				SWIFT_EMIT_LOC_STRINGS = YES;
				SWIFT_VERSION = 5.0;
				TARGETED_DEVICE_FAMILY = "1,2";
			};
			name = Release;
		};
/* End XCBuildConfiguration section */

/* Begin XCConfigurationList section */
		0E2B33EE28EB8EE8004507FC /* Build configuration list for PBXProject "MediaManager" */ = {
			isa = XCConfigurationList;
			buildConfigurations = (
				0E2B340828EB8EEA004507FC /* Debug */,
				0E2B340928EB8EEA004507FC /* Release */,
			);
			defaultConfigurationIsVisible = 0;
			defaultConfigurationName = Release;
		};
		0E2B340A28EB8EEA004507FC /* Build configuration list for PBXNativeTarget "MediaManager" */ = {
			isa = XCConfigurationList;
			buildConfigurations = (
				0E2B340B28EB8EEA004507FC /* Debug */,
				0E2B340C28EB8EEA004507FC /* Release */,
			);
			defaultConfigurationIsVisible = 0;
			defaultConfigurationName = Release;
		};
/* End XCConfigurationList section */

/* Begin XCVersionGroup section */
		0E2B33FF28EB8EE8004507FC /* MediaManager.xcdatamodeld */ = {
			isa = XCVersionGroup;
			children = (
				0E2B340028EB8EE8004507FC /* MediaManager.xcdatamodel */,
			);
			currentVersion = 0E2B340028EB8EE8004507FC /* MediaManager.xcdatamodel */;
			path = MediaManager.xcdatamodeld;
			sourceTree = "<group>";
			versionGroupType = wrapper.xcdatamodel;
		};
/* End XCVersionGroup section */
	};
	rootObject = 0E2B33EB28EB8EE8004507FC /* Project object */;
}
